// !$*UTF8*$!
{
	archiveVersion = 1;
	classes = {
	};
	objectVersion = 56;
	objects = {

/* Begin PBXBuildFile section */
		B8586837D7E902448039CC0B /* OpenAICompatibleClient.swift in Sources */ = {isa = PBXBuildFile; fileRef = C20486D273016223B17AC5D3 /* OpenAICompatibleClient.swift */; };
		BEBB87B1911DECE06D53AB1E /* OpenAICompatibleClientTests.swift in Sources */ = {isa = PBXBuildFile; fileRef = AF4099CAFEC1C5D681A5915D /* OpenAICompatibleClientTests.swift */; };
		614042D614C3629638B3674A /* OllamaClient.swift in Sources */ = {isa = PBXBuildFile; fileRef = 0B534BB93B7B18C809B08BF1 /* OllamaClient.swift */; };
		3EEE6611E55AAED173B686B2 /* OllamaClientTests.swift in Sources */ = {isa = PBXBuildFile; fileRef = A008C16766F14FAA12892C34 /* OllamaClientTests.swift */; };
		4A60B593B9360219B96230A6 /* HTTPTransport.swift in Sources */ = {isa = PBXBuildFile; fileRef = FC3E1829B8A666538FEB48B0 /* HTTPTransport.swift */; };
		B628A38E2FD89AD0303C848D /* LLMError.swift in Sources */ = {isa = PBXBuildFile; fileRef = 42A59F65A7641316B1577E73 /* LLMError.swift */; };
		3CF3D778437865B6DAF84350 /* LLMTypes.swift in Sources */ = {isa = PBXBuildFile; fileRef = 9B7A8968DA84042C8FC663A2 /* LLMTypes.swift */; };
		001F7C0D08F80A2F9A6027D1 /* LLMErrorTests.swift in Sources */ = {isa = PBXBuildFile; fileRef = F279DDFF7B782A1E6BDA78BE /* LLMErrorTests.swift */; };
		54672F472D51E090A7C9B766 /* APIKeyStore.swift in Sources */ = {isa = PBXBuildFile; fileRef = 183A159D210343E738F7D231 /* APIKeyStore.swift */; };
		7792FCC923DA1DA272099908 /* AssistantSettings.swift in Sources */ = {isa = PBXBuildFile; fileRef = EF2740BD7C08DE1BCEDB7C32 /* AssistantSettings.swift */; };
		A4F40CF03571FCA22ADDF493 /* AssistantSettingsTests.swift in Sources */ = {isa = PBXBuildFile; fileRef = C93708FDED4D7E901F038FDB /* AssistantSettingsTests.swift */; };
		72742A88401F238CEB4B8D43 /* AssistantTestSupport.swift in Sources */ = {isa = PBXBuildFile; fileRef = 5BA9CAB6B0C7E2DC4E9840FF /* AssistantTestSupport.swift */; };
		484156751CE35F1F82709FD4 /* MemoryQuitSheet.swift in Sources */ = {isa = PBXBuildFile; fileRef = 053C94B4BEE5C8ABDB853F96 /* MemoryQuitSheet.swift */; };
		A5F1E96E66CD4F4F93F69FBF /* MemoryView.swift in Sources */ = {isa = PBXBuildFile; fileRef = 21A751DFC984DBD2A5DFB6E0 /* MemoryView.swift */; };
		52EFA46EBB0F4DD33B739AC2 /* MemoryViewModel.swift in Sources */ = {isa = PBXBuildFile; fileRef = 374BC7ACD20CEE7F7D7CF08E /* MemoryViewModel.swift */; };
		EAB8D02030D444907CC70F83 /* MemoryViewModelTests.swift in Sources */ = {isa = PBXBuildFile; fileRef = C3E4750E133FA40F702F5B38 /* MemoryViewModelTests.swift */; };
		8A52BF4B2755F6E08EC666E6 /* MemoryVerdict.swift in Sources */ = {isa = PBXBuildFile; fileRef = 3C560EBCBA1BAC2ABAA394FA /* MemoryVerdict.swift */; };
		89507767455D6EFEFC9D0EBF /* ProcessSafetyRules.swift in Sources */ = {isa = PBXBuildFile; fileRef = 8767394EBF2EA91969D5038F /* ProcessSafetyRules.swift */; };
		3281D68A652FB871A751FE55 /* MemoryVerdictTests.swift in Sources */ = {isa = PBXBuildFile; fileRef = 9113016A0BBFD2907983AE16 /* MemoryVerdictTests.swift */; };
		4564354336A2DCB7A00EF8D0 /* ProcessSafetyRulesTests.swift in Sources */ = {isa = PBXBuildFile; fileRef = 896D8E874C572A8202C8B50F /* ProcessSafetyRulesTests.swift */; };
		845D2B330BBF9D11646005DF /* MemoryMonitor.swift in Sources */ = {isa = PBXBuildFile; fileRef = 6593FCC39A0414E0C3E12AC7 /* MemoryMonitor.swift */; };
		9474754DBF36232DDFACDA41 /* ProcessMemoryReader.swift in Sources */ = {isa = PBXBuildFile; fileRef = F1A9E701D4C357F3BB5B3AA5 /* ProcessMemoryReader.swift */; };
		B57E97755426D13D1692ADED /* SystemMemoryReader.swift in Sources */ = {isa = PBXBuildFile; fileRef = 88D1D79F6604C3F5FCFC427D /* SystemMemoryReader.swift */; };
		4039E8972DAFA49F05DFE984 /* SystemMemoryReaderTests.swift in Sources */ = {isa = PBXBuildFile; fileRef = EF40178ECCEF9479DADD6608 /* SystemMemoryReaderTests.swift */; };
		64B6305C20B70CEB6AB52E38 /* ProcessGrouper.swift in Sources */ = {isa = PBXBuildFile; fileRef = AB6A2C1871B3AD238E6C5AD0 /* ProcessGrouper.swift */; };
		EC5502B3939BC0BCA07A531F /* MemoryModels.swift in Sources */ = {isa = PBXBuildFile; fileRef = 93AD136E39435023E11DF6F3 /* MemoryModels.swift */; };
		16BB3C4DEB398C278ACEEB63 /* ProcessGrouperTests.swift in Sources */ = {isa = PBXBuildFile; fileRef = 12B48AD45296042943A6C5C2 /* ProcessGrouperTests.swift */; };
		590FDC812BC7315B73CD5879 /* MemoryFixtures.swift in Sources */ = {isa = PBXBuildFile; fileRef = 843595FB7E623F506109D79C /* MemoryFixtures.swift */; };
		EE000040000000000000EE00 /* Assets.xcassets in Resources */ = {isa = PBXBuildFile; fileRef = DD000040000000000000DD00 /* Assets.xcassets */; };
		EE100001000000000000EE00 /* LeftoverMatcherTests.swift in Sources */ = {isa = PBXBuildFile; fileRef = DD100002000000000000DD00 /* LeftoverMatcherTests.swift */; };
		EE100002000000000000EE00 /* SmartCareSelectionTests.swift in Sources */ = {isa = PBXBuildFile; fileRef = DD100003000000000000DD00 /* SmartCareSelectionTests.swift */; };
		EE100003000000000000EE00 /* SmartCareLifecycleTests.swift in Sources */ = {isa = PBXBuildFile; fileRef = DD100004000000000000DD00 /* SmartCareLifecycleTests.swift */; };
		EE100004000000000000EE00 /* SmartCareOutcomeTests.swift in Sources */ = {isa = PBXBuildFile; fileRef = DD100005000000000000DD00 /* SmartCareOutcomeTests.swift */; };
		EE100005000000000000EE00 /* SafetyRulesTests.swift in Sources */ = {isa = PBXBuildFile; fileRef = DD100006000000000000DD00 /* SafetyRulesTests.swift */; };
		EE100006000000000000EE00 /* LicenseManagerTests.swift in Sources */ = {isa = PBXBuildFile; fileRef = DD100007000000000000DD00 /* LicenseManagerTests.swift */; };
		EE100007000000000000EE00 /* StorageRecoveryTests.swift in Sources */ = {isa = PBXBuildFile; fileRef = DD100008000000000000DD00 /* StorageRecoveryTests.swift */; };
		EE100008000000000000EE00 /* DockerScanParserTests.swift in Sources */ = {isa = PBXBuildFile; fileRef = DD100009000000000000DD00 /* DockerScanParserTests.swift */; };
		EE100009000000000000EE00 /* DockerClientTests.swift in Sources */ = {isa = PBXBuildFile; fileRef = DD10000A000000000000DD00 /* DockerClientTests.swift */; };
		EE10000A000000000000EE00 /* DockerCleanupViewModelTests.swift in Sources */ = {isa = PBXBuildFile; fileRef = DD10000B000000000000DD00 /* DockerCleanupViewModelTests.swift */; };
		EE000001000000000000EE00 /* SpotlessMacApp.swift in Sources */ = {isa = PBXBuildFile; fileRef = DD000002000000000000DD00 /* SpotlessMacApp.swift */; };
		EE000002000000000000EE00 /* ContentView.swift in Sources */ = {isa = PBXBuildFile; fileRef = DD000003000000000000DD00 /* ContentView.swift */; };
		EE000003000000000000EE00 /* ScanCategory.swift in Sources */ = {isa = PBXBuildFile; fileRef = DD000004000000000000DD00 /* ScanCategory.swift */; };
		EE000004000000000000EE00 /* ScanItem.swift in Sources */ = {isa = PBXBuildFile; fileRef = DD000005000000000000DD00 /* ScanItem.swift */; };
		EE000005000000000000EE00 /* Scanner.swift in Sources */ = {isa = PBXBuildFile; fileRef = DD000006000000000000DD00 /* Scanner.swift */; };
		EE000006000000000000EE00 /* ScanEngine.swift in Sources */ = {isa = PBXBuildFile; fileRef = DD000007000000000000DD00 /* ScanEngine.swift */; };
		EE000007000000000000EE00 /* SafetyRules.swift in Sources */ = {isa = PBXBuildFile; fileRef = DD000008000000000000DD00 /* SafetyRules.swift */; };
		EE000008000000000000EE00 /* ScanViewModel.swift in Sources */ = {isa = PBXBuildFile; fileRef = DD000009000000000000DD00 /* ScanViewModel.swift */; };
		EE000009000000000000EE00 /* CachesScanner.swift in Sources */ = {isa = PBXBuildFile; fileRef = DD00000C000000000000DD00 /* CachesScanner.swift */; };
		EE00000A000000000000EE00 /* FDAService.swift in Sources */ = {isa = PBXBuildFile; fileRef = DD00000D000000000000DD00 /* FDAService.swift */; };
		EE00000B000000000000EE00 /* LogsScanner.swift in Sources */ = {isa = PBXBuildFile; fileRef = DD00000E000000000000DD00 /* LogsScanner.swift */; };
		EE00000C000000000000EE00 /* LargeFilesScanner.swift in Sources */ = {isa = PBXBuildFile; fileRef = DD00000F000000000000DD00 /* LargeFilesScanner.swift */; };
		EE00000D000000000000EE00 /* FDAOnboardingView.swift in Sources */ = {isa = PBXBuildFile; fileRef = DD000010000000000000DD00 /* FDAOnboardingView.swift */; };
		EE00000E000000000000EE00 /* LargeFilesView.swift in Sources */ = {isa = PBXBuildFile; fileRef = DD000011000000000000DD00 /* LargeFilesView.swift */; };
		EE00000F000000000000EE00 /* DiskUsageView.swift in Sources */ = {isa = PBXBuildFile; fileRef = DD000012000000000000DD00 /* DiskUsageView.swift */; };
		EE000010000000000000EE00 /* ActivationView.swift in Sources */ = {isa = PBXBuildFile; fileRef = DD000013000000000000DD00 /* ActivationView.swift */; };
		EE000011000000000000EE00 /* KeychainStore.swift in Sources */ = {isa = PBXBuildFile; fileRef = DD000014000000000000DD00 /* KeychainStore.swift */; };
		EE000012000000000000EE00 /* LicenseValidator.swift in Sources */ = {isa = PBXBuildFile; fileRef = DD000015000000000000DD00 /* LicenseValidator.swift */; };
		EE000013000000000000EE00 /* LicenseManager.swift in Sources */ = {isa = PBXBuildFile; fileRef = DD000016000000000000DD00 /* LicenseManager.swift */; };
		EE000020000000000000EE00 /* InstalledApp.swift in Sources */ = {isa = PBXBuildFile; fileRef = DD000020000000000000DD00 /* InstalledApp.swift */; };
		EE000021000000000000EE00 /* LeftoverItem.swift in Sources */ = {isa = PBXBuildFile; fileRef = DD000021000000000000DD00 /* LeftoverItem.swift */; };
		EE000022000000000000EE00 /* UninstallEngine.swift in Sources */ = {isa = PBXBuildFile; fileRef = DD000022000000000000DD00 /* UninstallEngine.swift */; };
		EE000023000000000000EE00 /* UninstallViewModel.swift in Sources */ = {isa = PBXBuildFile; fileRef = DD000023000000000000DD00 /* UninstallViewModel.swift */; };
		EE000024000000000000EE00 /* UninstallerView.swift in Sources */ = {isa = PBXBuildFile; fileRef = DD000024000000000000DD00 /* UninstallerView.swift */; };
		EE000025000000000000EE00 /* Theme.swift in Sources */ = {isa = PBXBuildFile; fileRef = DD000025000000000000DD00 /* Theme.swift */; };
		EE000026000000000000EE00 /* HealthScore.swift in Sources */ = {isa = PBXBuildFile; fileRef = DD000026000000000000DD00 /* HealthScore.swift */; };
		EE000028000000000000EE00 /* FolderSizeCalculator.swift in Sources */ = {isa = PBXBuildFile; fileRef = DD000028000000000000DD00 /* FolderSizeCalculator.swift */; };
		EE000029000000000000EE00 /* DiskSpaceService.swift in Sources */ = {isa = PBXBuildFile; fileRef = DD000029000000000000DD00 /* DiskSpaceService.swift */; };
		EE00002A000000000000EE00 /* CareRailView.swift in Sources */ = {isa = PBXBuildFile; fileRef = DD00002A000000000000DD00 /* CareRailView.swift */; };
		EE00002B000000000000EE00 /* SmartCareConfirmSheet.swift in Sources */ = {isa = PBXBuildFile; fileRef = DD00002B000000000000DD00 /* SmartCareConfirmSheet.swift */; };
		EE00002C000000000000EE00 /* CareDashboardView.swift in Sources */ = {isa = PBXBuildFile; fileRef = DD00002C000000000000DD00 /* CareDashboardView.swift */; };
		EE00002D000000000000EE00 /* CleaningProgressView.swift in Sources */ = {isa = PBXBuildFile; fileRef = DD00002D000000000000DD00 /* CleaningProgressView.swift */; };
		EE00002E000000000000EE00 /* DiskOverviewView.swift in Sources */ = {isa = PBXBuildFile; fileRef = DD00002E000000000000DD00 /* DiskOverviewView.swift */; };
		EE00002F000000000000EE00 /* LeftoverMatcher.swift in Sources */ = {isa = PBXBuildFile; fileRef = DD00002F000000000000DD00 /* LeftoverMatcher.swift */; };
		EE000030000000000000EE00 /* SmartCareRun.swift in Sources */ = {isa = PBXBuildFile; fileRef = DD000030000000000000DD00 /* SmartCareRun.swift */; };
		EE000031000000000000EE00 /* DeveloperCachesScanner.swift in Sources */ = {isa = PBXBuildFile; fileRef = DD000031000000000000DD00 /* DeveloperCachesScanner.swift */; };
		EE000032000000000000EE00 /* OldInstallersScanner.swift in Sources */ = {isa = PBXBuildFile; fileRef = DD000032000000000000DD00 /* OldInstallersScanner.swift */; };
		EE000033000000000000EE00 /* StorageRecoveryQuery.swift in Sources */ = {isa = PBXBuildFile; fileRef = DD000033000000000000DD00 /* StorageRecoveryQuery.swift */; };
		EE000034000000000000EE00 /* StorageRecoveryView.swift in Sources */ = {isa = PBXBuildFile; fileRef = DD000034000000000000DD00 /* StorageRecoveryView.swift */; };
		EE000035000000000000EE00 /* DockerResource.swift in Sources */ = {isa = PBXBuildFile; fileRef = DD000035000000000000DD00 /* DockerResource.swift */; };
		EE000036000000000000EE00 /* DockerScanParser.swift in Sources */ = {isa = PBXBuildFile; fileRef = DD000036000000000000DD00 /* DockerScanParser.swift */; };
		EE000037000000000000EE00 /* DockerCommandRunner.swift in Sources */ = {isa = PBXBuildFile; fileRef = DD000037000000000000DD00 /* DockerCommandRunner.swift */; };
		EE000038000000000000EE00 /* DockerClient.swift in Sources */ = {isa = PBXBuildFile; fileRef = DD000038000000000000DD00 /* DockerClient.swift */; };
		EE000039000000000000EE00 /* DockerCleanupViewModel.swift in Sources */ = {isa = PBXBuildFile; fileRef = DD000039000000000000DD00 /* DockerCleanupViewModel.swift */; };
		EE00003A000000000000EE00 /* DockerCleanupView.swift in Sources */ = {isa = PBXBuildFile; fileRef = DD00003A000000000000DD00 /* DockerCleanupView.swift */; };
		EE00003B000000000000EE00 /* SpotlessMacSettingsView.swift in Sources */ = {isa = PBXBuildFile; fileRef = DD00003B000000000000DD00 /* SpotlessMacSettingsView.swift */; };
		F78D75EB9FFB54DF9F52599D /* CleanupReportTests.swift in Sources */ = {isa = PBXBuildFile; fileRef = B26C4F2492FDF6E18E673E45 /* CleanupReportTests.swift */; };
		D30912E88A4B5A90E18B3C77 /* CleanupReport.swift in Sources */ = {isa = PBXBuildFile; fileRef = 6B5025C137FB0255F24CF5CC /* CleanupReport.swift */; };
		94182E7A2F4F56102B8AC8A6 /* VolumeSpaceReader.swift in Sources */ = {isa = PBXBuildFile; fileRef = 328B5E0DB0BF2C312A89FB94 /* VolumeSpaceReader.swift */; };
		66B58F9AA9A58AE4789F3298 /* StorageAnalysisEngineTests.swift in Sources */ = {isa = PBXBuildFile; fileRef = 361B7A2A8E3D01A3B861BAAC /* StorageAnalysisEngineTests.swift */; };
		EA19949991DE641A5703873F /* PathPolicyTests.swift in Sources */ = {isa = PBXBuildFile; fileRef = FA887531F60DDFD0B208F677 /* PathPolicyTests.swift */; };
		3F6BE75A7B122B328D5914D6 /* StorageMeasurement.swift in Sources */ = {isa = PBXBuildFile; fileRef = 907FEE933B71C6484DC53C65 /* StorageMeasurement.swift */; };
		9836C0A95FA6BD5EFD19EEEA /* PathPolicy.swift in Sources */ = {isa = PBXBuildFile; fileRef = 857BCF06A4CCEC7643B4478F /* PathPolicy.swift */; };
		49A4ACAA14B39852EE628AC8 /* StorageSourceCatalog.swift in Sources */ = {isa = PBXBuildFile; fileRef = 76E7D746AA729E24358312CE /* StorageSourceCatalog.swift */; };
		63A5207F397F50053CBA2CA1 /* StorageAnalysisEngine.swift in Sources */ = {isa = PBXBuildFile; fileRef = 662CD1C6159AFBB2E3BDEC19 /* StorageAnalysisEngine.swift */; };
		AC88102856BE1ED71EB71523 /* StorageAnalysisViewModelTests.swift in Sources */ = {isa = PBXBuildFile; fileRef = 7D0E545C1AEE79BAD041738C /* StorageAnalysisViewModelTests.swift */; };
		7CA2BEE0885632B93BE5E7C9 /* StorageAnalysisViewModel.swift in Sources */ = {isa = PBXBuildFile; fileRef = 8085CC0C72A288ABB6CA80F2 /* StorageAnalysisViewModel.swift */; };
		D9D877B32EC0D4EDE013C105 /* CleanupPlanTests.swift in Sources */ = {isa = PBXBuildFile; fileRef = D9FE6D8819305BD1F2EE0BBC /* CleanupPlanTests.swift */; };
		4F5D5D9E801C022ECAFE2465 /* KnownCacheScannerTests.swift in Sources */ = {isa = PBXBuildFile; fileRef = 11C247603DE8640E1D0862F1 /* KnownCacheScannerTests.swift */; };
		95FB0B7496DE13B1D8E90166 /* HuggingFaceCacheScannerTests.swift in Sources */ = {isa = PBXBuildFile; fileRef = D778E3ED4CF63785BD041929 /* HuggingFaceCacheScannerTests.swift */; };
		0E569131C3DD5FA9E3C3B899 /* ProjectArtifactsScannerTests.swift in Sources */ = {isa = PBXBuildFile; fileRef = 41856C4F957FD318EDE7D29F /* ProjectArtifactsScannerTests.swift */; };
		0DD7219E40F224273762C536 /* RecordingScannerTests.swift in Sources */ = {isa = PBXBuildFile; fileRef = 9C4C1732D75584381208DAEF /* RecordingScannerTests.swift */; };
		E91D0CA604716451AE1CB178 /* CleanupPolicy.swift in Sources */ = {isa = PBXBuildFile; fileRef = C82FC9AD6B6D2D8845631A25 /* CleanupPolicy.swift */; };
		39998D04C762A2DF12224B4F /* KnownCacheScanner.swift in Sources */ = {isa = PBXBuildFile; fileRef = 9EEC498C32FD9EE7882BB2E3 /* KnownCacheScanner.swift */; };
		E36A5EA81DF9B90B51B8665A /* HuggingFaceCacheScanner.swift in Sources */ = {isa = PBXBuildFile; fileRef = 0F2D72B68FF8077485A4D733 /* HuggingFaceCacheScanner.swift */; };
		7AC0EF43C864103881636011 /* CleanupPlanBuilder.swift in Sources */ = {isa = PBXBuildFile; fileRef = CB1BF70DF5DD69335D696E11 /* CleanupPlanBuilder.swift */; };
		E0997554F80458BF9CC1B129 /* OwnerActivityChecker.swift in Sources */ = {isa = PBXBuildFile; fileRef = 3F1B06836A970B53DD26BA57 /* OwnerActivityChecker.swift */; };
		997C85C9D3BCF8AB57C8F52C /* ProjectArtifactsScanner.swift in Sources */ = {isa = PBXBuildFile; fileRef = BF045EC4C5F4E8B662C4DD2C /* ProjectArtifactsScanner.swift */; };
		48D25F0C399CE777A17283B6 /* RecordingScanner.swift in Sources */ = {isa = PBXBuildFile; fileRef = 9FA1C24F752851355AAC22D2 /* RecordingScanner.swift */; };
		5D933F12C6073B6442C5CC9B /* AppStorageServiceTests.swift in Sources */ = {isa = PBXBuildFile; fileRef = 46D2128E90C84D9EC39EC846 /* AppStorageServiceTests.swift */; };
		19AAD73A4E59FE3565571FA9 /* AppStorageSummary.swift in Sources */ = {isa = PBXBuildFile; fileRef = 1E9645C522999BA874701E61 /* AppStorageSummary.swift */; };
		B9F13CFDCDA140694659C434 /* AppStorageService.swift in Sources */ = {isa = PBXBuildFile; fileRef = 07D2AD1CA7DCDCFAA28AF254 /* AppStorageService.swift */; };
		588335D976F4BEF112904DA0 /* DockerStorageSummaryTests.swift in Sources */ = {isa = PBXBuildFile; fileRef = 4B1DBFEF0E19D67F7F71E8F4 /* DockerStorageSummaryTests.swift */; };
		652C636491B7C47BEFE7B067 /* DockerStorageSummary.swift in Sources */ = {isa = PBXBuildFile; fileRef = A01316B1023FCFA24908EEED /* DockerStorageSummary.swift */; };
		B1F4B621F842F5BA5D4D4EB5 /* CleanupAdmissionTests.swift in Sources */ = {isa = PBXBuildFile; fileRef = 443305F183C1EAD0B18B04FD /* CleanupAdmissionTests.swift */; };
		0233CC4F9F88868B29E132A8 /* StorageRootRegistryTests.swift in Sources */ = {isa = PBXBuildFile; fileRef = 9611A2F3721DEA54C1EDA0C0 /* StorageRootRegistryTests.swift */; };
		F0B9616E8465CDAB0D1B368F /* StorageRootRegistry.swift in Sources */ = {isa = PBXBuildFile; fileRef = 0C4154803878303226FF62BB /* StorageRootRegistry.swift */; };
		C53DABBB8BFE54D44723A554 /* StorageAnalysisStressTests.swift in Sources */ = {isa = PBXBuildFile; fileRef = 89761D1DED7B48B83D9A1AFB /* StorageAnalysisStressTests.swift */; };
		582DE52D853D916A88432071 /* LeftoverSelectionTests.swift in Sources */ = {isa = PBXBuildFile; fileRef = 655259F217D35F9DDAB35A61 /* LeftoverSelectionTests.swift */; };
/* End PBXBuildFile section */

/* Begin PBXFileReference section */
		C20486D273016223B17AC5D3 /* OpenAICompatibleClient.swift */ = {isa = PBXFileReference; lastKnownFileType = sourcecode.swift; path = OpenAICompatibleClient.swift; sourceTree = "<group>"; };
		AF4099CAFEC1C5D681A5915D /* OpenAICompatibleClientTests.swift */ = {isa = PBXFileReference; lastKnownFileType = sourcecode.swift; path = OpenAICompatibleClientTests.swift; sourceTree = "<group>"; };
		0B534BB93B7B18C809B08BF1 /* OllamaClient.swift */ = {isa = PBXFileReference; lastKnownFileType = sourcecode.swift; path = OllamaClient.swift; sourceTree = "<group>"; };
		A008C16766F14FAA12892C34 /* OllamaClientTests.swift */ = {isa = PBXFileReference; lastKnownFileType = sourcecode.swift; path = OllamaClientTests.swift; sourceTree = "<group>"; };
		FC3E1829B8A666538FEB48B0 /* HTTPTransport.swift */ = {isa = PBXFileReference; lastKnownFileType = sourcecode.swift; path = HTTPTransport.swift; sourceTree = "<group>"; };
		42A59F65A7641316B1577E73 /* LLMError.swift */ = {isa = PBXFileReference; lastKnownFileType = sourcecode.swift; path = LLMError.swift; sourceTree = "<group>"; };
		9B7A8968DA84042C8FC663A2 /* LLMTypes.swift */ = {isa = PBXFileReference; lastKnownFileType = sourcecode.swift; path = LLMTypes.swift; sourceTree = "<group>"; };
		F279DDFF7B782A1E6BDA78BE /* LLMErrorTests.swift */ = {isa = PBXFileReference; lastKnownFileType = sourcecode.swift; path = LLMErrorTests.swift; sourceTree = "<group>"; };
		183A159D210343E738F7D231 /* APIKeyStore.swift */ = {isa = PBXFileReference; lastKnownFileType = sourcecode.swift; path = APIKeyStore.swift; sourceTree = "<group>"; };
		EF2740BD7C08DE1BCEDB7C32 /* AssistantSettings.swift */ = {isa = PBXFileReference; lastKnownFileType = sourcecode.swift; path = AssistantSettings.swift; sourceTree = "<group>"; };
		C93708FDED4D7E901F038FDB /* AssistantSettingsTests.swift */ = {isa = PBXFileReference; lastKnownFileType = sourcecode.swift; path = AssistantSettingsTests.swift; sourceTree = "<group>"; };
		5BA9CAB6B0C7E2DC4E9840FF /* AssistantTestSupport.swift */ = {isa = PBXFileReference; lastKnownFileType = sourcecode.swift; path = AssistantTestSupport.swift; sourceTree = "<group>"; };
		053C94B4BEE5C8ABDB853F96 /* MemoryQuitSheet.swift */ = {isa = PBXFileReference; lastKnownFileType = sourcecode.swift; path = MemoryQuitSheet.swift; sourceTree = "<group>"; };
		21A751DFC984DBD2A5DFB6E0 /* MemoryView.swift */ = {isa = PBXFileReference; lastKnownFileType = sourcecode.swift; path = MemoryView.swift; sourceTree = "<group>"; };
		374BC7ACD20CEE7F7D7CF08E /* MemoryViewModel.swift */ = {isa = PBXFileReference; lastKnownFileType = sourcecode.swift; path = MemoryViewModel.swift; sourceTree = "<group>"; };
		C3E4750E133FA40F702F5B38 /* MemoryViewModelTests.swift */ = {isa = PBXFileReference; lastKnownFileType = sourcecode.swift; path = MemoryViewModelTests.swift; sourceTree = "<group>"; };
		3C560EBCBA1BAC2ABAA394FA /* MemoryVerdict.swift */ = {isa = PBXFileReference; lastKnownFileType = sourcecode.swift; path = MemoryVerdict.swift; sourceTree = "<group>"; };
		8767394EBF2EA91969D5038F /* ProcessSafetyRules.swift */ = {isa = PBXFileReference; lastKnownFileType = sourcecode.swift; path = ProcessSafetyRules.swift; sourceTree = "<group>"; };
		9113016A0BBFD2907983AE16 /* MemoryVerdictTests.swift */ = {isa = PBXFileReference; lastKnownFileType = sourcecode.swift; path = MemoryVerdictTests.swift; sourceTree = "<group>"; };
		896D8E874C572A8202C8B50F /* ProcessSafetyRulesTests.swift */ = {isa = PBXFileReference; lastKnownFileType = sourcecode.swift; path = ProcessSafetyRulesTests.swift; sourceTree = "<group>"; };
		6593FCC39A0414E0C3E12AC7 /* MemoryMonitor.swift */ = {isa = PBXFileReference; lastKnownFileType = sourcecode.swift; path = MemoryMonitor.swift; sourceTree = "<group>"; };
		F1A9E701D4C357F3BB5B3AA5 /* ProcessMemoryReader.swift */ = {isa = PBXFileReference; lastKnownFileType = sourcecode.swift; path = ProcessMemoryReader.swift; sourceTree = "<group>"; };
		88D1D79F6604C3F5FCFC427D /* SystemMemoryReader.swift */ = {isa = PBXFileReference; lastKnownFileType = sourcecode.swift; path = SystemMemoryReader.swift; sourceTree = "<group>"; };
		EF40178ECCEF9479DADD6608 /* SystemMemoryReaderTests.swift */ = {isa = PBXFileReference; lastKnownFileType = sourcecode.swift; path = SystemMemoryReaderTests.swift; sourceTree = "<group>"; };
		AB6A2C1871B3AD238E6C5AD0 /* ProcessGrouper.swift */ = {isa = PBXFileReference; lastKnownFileType = sourcecode.swift; path = ProcessGrouper.swift; sourceTree = "<group>"; };
		93AD136E39435023E11DF6F3 /* MemoryModels.swift */ = {isa = PBXFileReference; lastKnownFileType = sourcecode.swift; path = MemoryModels.swift; sourceTree = "<group>"; };
		12B48AD45296042943A6C5C2 /* ProcessGrouperTests.swift */ = {isa = PBXFileReference; lastKnownFileType = sourcecode.swift; path = ProcessGrouperTests.swift; sourceTree = "<group>"; };
		843595FB7E623F506109D79C /* MemoryFixtures.swift */ = {isa = PBXFileReference; lastKnownFileType = sourcecode.swift; path = MemoryFixtures.swift; sourceTree = "<group>"; };
		DD000040000000000000DD00 /* Assets.xcassets */ = {isa = PBXFileReference; lastKnownFileType = folder.assetcatalog; path = Assets.xcassets; sourceTree = "<group>"; };
		DD100001000000000000DD00 /* SpotlessMacTests.xctest */ = {isa = PBXFileReference; explicitFileType = wrapper.cfbundle; includeInIndex = 0; path = SpotlessMacTests.xctest; sourceTree = BUILT_PRODUCTS_DIR; };
		DD100002000000000000DD00 /* LeftoverMatcherTests.swift */ = {isa = PBXFileReference; lastKnownFileType = sourcecode.swift; path = LeftoverMatcherTests.swift; sourceTree = "<group>"; };
		DD100003000000000000DD00 /* SmartCareSelectionTests.swift */ = {isa = PBXFileReference; lastKnownFileType = sourcecode.swift; path = SmartCareSelectionTests.swift; sourceTree = "<group>"; };
		DD100004000000000000DD00 /* SmartCareLifecycleTests.swift */ = {isa = PBXFileReference; lastKnownFileType = sourcecode.swift; path = SmartCareLifecycleTests.swift; sourceTree = "<group>"; };
		DD100005000000000000DD00 /* SmartCareOutcomeTests.swift */ = {isa = PBXFileReference; lastKnownFileType = sourcecode.swift; path = SmartCareOutcomeTests.swift; sourceTree = "<group>"; };
		DD100006000000000000DD00 /* SafetyRulesTests.swift */ = {isa = PBXFileReference; lastKnownFileType = sourcecode.swift; path = SafetyRulesTests.swift; sourceTree = "<group>"; };
		DD100007000000000000DD00 /* LicenseManagerTests.swift */ = {isa = PBXFileReference; lastKnownFileType = sourcecode.swift; path = LicenseManagerTests.swift; sourceTree = "<group>"; };
		DD100008000000000000DD00 /* StorageRecoveryTests.swift */ = {isa = PBXFileReference; lastKnownFileType = sourcecode.swift; path = StorageRecoveryTests.swift; sourceTree = "<group>"; };
		DD100009000000000000DD00 /* DockerScanParserTests.swift */ = {isa = PBXFileReference; lastKnownFileType = sourcecode.swift; path = DockerScanParserTests.swift; sourceTree = "<group>"; };
		DD10000A000000000000DD00 /* DockerClientTests.swift */ = {isa = PBXFileReference; lastKnownFileType = sourcecode.swift; path = DockerClientTests.swift; sourceTree = "<group>"; };
		DD10000B000000000000DD00 /* DockerCleanupViewModelTests.swift */ = {isa = PBXFileReference; lastKnownFileType = sourcecode.swift; path = DockerCleanupViewModelTests.swift; sourceTree = "<group>"; };
		DD000001000000000000DD00 /* SpotlessMac.app */ = {isa = PBXFileReference; explicitFileType = wrapper.application; includeInIndex = 0; path = SpotlessMac.app; sourceTree = BUILT_PRODUCTS_DIR; };
		DD000002000000000000DD00 /* SpotlessMacApp.swift */ = {isa = PBXFileReference; lastKnownFileType = sourcecode.swift; path = SpotlessMacApp.swift; sourceTree = "<group>"; };
		DD000003000000000000DD00 /* ContentView.swift */ = {isa = PBXFileReference; lastKnownFileType = sourcecode.swift; path = ContentView.swift; sourceTree = "<group>"; };
		DD000004000000000000DD00 /* ScanCategory.swift */ = {isa = PBXFileReference; lastKnownFileType = sourcecode.swift; path = ScanCategory.swift; sourceTree = "<group>"; };
		DD000005000000000000DD00 /* ScanItem.swift */ = {isa = PBXFileReference; lastKnownFileType = sourcecode.swift; path = ScanItem.swift; sourceTree = "<group>"; };
		DD000006000000000000DD00 /* Scanner.swift */ = {isa = PBXFileReference; lastKnownFileType = sourcecode.swift; path = Scanner.swift; sourceTree = "<group>"; };
		DD000007000000000000DD00 /* ScanEngine.swift */ = {isa = PBXFileReference; lastKnownFileType = sourcecode.swift; path = ScanEngine.swift; sourceTree = "<group>"; };
		DD000008000000000000DD00 /* SafetyRules.swift */ = {isa = PBXFileReference; lastKnownFileType = sourcecode.swift; path = SafetyRules.swift; sourceTree = "<group>"; };
		DD000009000000000000DD00 /* ScanViewModel.swift */ = {isa = PBXFileReference; lastKnownFileType = sourcecode.swift; path = ScanViewModel.swift; sourceTree = "<group>"; };
		DD00000A000000000000DD00 /* Info.plist */ = {isa = PBXFileReference; lastKnownFileType = text.plist.xml; path = Info.plist; sourceTree = "<group>"; };
		DD00000B000000000000DD00 /* SpotlessMac.entitlements */ = {isa = PBXFileReference; lastKnownFileType = text.plist.entitlements; path = SpotlessMac.entitlements; sourceTree = "<group>"; };
		DD00000C000000000000DD00 /* CachesScanner.swift */ = {isa = PBXFileReference; lastKnownFileType = sourcecode.swift; path = CachesScanner.swift; sourceTree = "<group>"; };
		DD00000D000000000000DD00 /* FDAService.swift */ = {isa = PBXFileReference; lastKnownFileType = sourcecode.swift; path = FDAService.swift; sourceTree = "<group>"; };
		DD00000E000000000000DD00 /* LogsScanner.swift */ = {isa = PBXFileReference; lastKnownFileType = sourcecode.swift; path = LogsScanner.swift; sourceTree = "<group>"; };
		DD00000F000000000000DD00 /* LargeFilesScanner.swift */ = {isa = PBXFileReference; lastKnownFileType = sourcecode.swift; path = LargeFilesScanner.swift; sourceTree = "<group>"; };
		DD000010000000000000DD00 /* FDAOnboardingView.swift */ = {isa = PBXFileReference; lastKnownFileType = sourcecode.swift; path = FDAOnboardingView.swift; sourceTree = "<group>"; };
		DD000011000000000000DD00 /* LargeFilesView.swift */ = {isa = PBXFileReference; lastKnownFileType = sourcecode.swift; path = LargeFilesView.swift; sourceTree = "<group>"; };
		DD000012000000000000DD00 /* DiskUsageView.swift */ = {isa = PBXFileReference; lastKnownFileType = sourcecode.swift; path = DiskUsageView.swift; sourceTree = "<group>"; };
		DD000013000000000000DD00 /* ActivationView.swift */ = {isa = PBXFileReference; lastKnownFileType = sourcecode.swift; path = ActivationView.swift; sourceTree = "<group>"; };
		DD000014000000000000DD00 /* KeychainStore.swift */ = {isa = PBXFileReference; lastKnownFileType = sourcecode.swift; path = KeychainStore.swift; sourceTree = "<group>"; };
		DD000015000000000000DD00 /* LicenseValidator.swift */ = {isa = PBXFileReference; lastKnownFileType = sourcecode.swift; path = LicenseValidator.swift; sourceTree = "<group>"; };
		DD000016000000000000DD00 /* LicenseManager.swift */ = {isa = PBXFileReference; lastKnownFileType = sourcecode.swift; path = LicenseManager.swift; sourceTree = "<group>"; };
		DD000020000000000000DD00 /* InstalledApp.swift */ = {isa = PBXFileReference; lastKnownFileType = sourcecode.swift; path = InstalledApp.swift; sourceTree = "<group>"; };
		DD000021000000000000DD00 /* LeftoverItem.swift */ = {isa = PBXFileReference; lastKnownFileType = sourcecode.swift; path = LeftoverItem.swift; sourceTree = "<group>"; };
		DD000022000000000000DD00 /* UninstallEngine.swift */ = {isa = PBXFileReference; lastKnownFileType = sourcecode.swift; path = UninstallEngine.swift; sourceTree = "<group>"; };
		DD000023000000000000DD00 /* UninstallViewModel.swift */ = {isa = PBXFileReference; lastKnownFileType = sourcecode.swift; path = UninstallViewModel.swift; sourceTree = "<group>"; };
		DD000024000000000000DD00 /* UninstallerView.swift */ = {isa = PBXFileReference; lastKnownFileType = sourcecode.swift; path = UninstallerView.swift; sourceTree = "<group>"; };
		DD000025000000000000DD00 /* Theme.swift */ = {isa = PBXFileReference; lastKnownFileType = sourcecode.swift; path = Theme.swift; sourceTree = "<group>"; };
		DD000026000000000000DD00 /* HealthScore.swift */ = {isa = PBXFileReference; lastKnownFileType = sourcecode.swift; path = HealthScore.swift; sourceTree = "<group>"; };
		DD000028000000000000DD00 /* FolderSizeCalculator.swift */ = {isa = PBXFileReference; lastKnownFileType = sourcecode.swift; path = FolderSizeCalculator.swift; sourceTree = "<group>"; };
		DD000029000000000000DD00 /* DiskSpaceService.swift */ = {isa = PBXFileReference; lastKnownFileType = sourcecode.swift; path = DiskSpaceService.swift; sourceTree = "<group>"; };
		DD00002A000000000000DD00 /* CareRailView.swift */ = {isa = PBXFileReference; lastKnownFileType = sourcecode.swift; path = CareRailView.swift; sourceTree = "<group>"; };
		DD00002B000000000000DD00 /* SmartCareConfirmSheet.swift */ = {isa = PBXFileReference; lastKnownFileType = sourcecode.swift; path = SmartCareConfirmSheet.swift; sourceTree = "<group>"; };
		DD00002C000000000000DD00 /* CareDashboardView.swift */ = {isa = PBXFileReference; lastKnownFileType = sourcecode.swift; path = CareDashboardView.swift; sourceTree = "<group>"; };
		DD00002D000000000000DD00 /* CleaningProgressView.swift */ = {isa = PBXFileReference; lastKnownFileType = sourcecode.swift; path = CleaningProgressView.swift; sourceTree = "<group>"; };
		DD00002E000000000000DD00 /* DiskOverviewView.swift */ = {isa = PBXFileReference; lastKnownFileType = sourcecode.swift; path = DiskOverviewView.swift; sourceTree = "<group>"; };
		DD00002F000000000000DD00 /* LeftoverMatcher.swift */ = {isa = PBXFileReference; lastKnownFileType = sourcecode.swift; path = LeftoverMatcher.swift; sourceTree = "<group>"; };
		DD000030000000000000DD00 /* SmartCareRun.swift */ = {isa = PBXFileReference; lastKnownFileType = sourcecode.swift; path = SmartCareRun.swift; sourceTree = "<group>"; };
		DD000031000000000000DD00 /* DeveloperCachesScanner.swift */ = {isa = PBXFileReference; lastKnownFileType = sourcecode.swift; path = DeveloperCachesScanner.swift; sourceTree = "<group>"; };
		DD000032000000000000DD00 /* OldInstallersScanner.swift */ = {isa = PBXFileReference; lastKnownFileType = sourcecode.swift; path = OldInstallersScanner.swift; sourceTree = "<group>"; };
		DD000033000000000000DD00 /* StorageRecoveryQuery.swift */ = {isa = PBXFileReference; lastKnownFileType = sourcecode.swift; path = StorageRecoveryQuery.swift; sourceTree = "<group>"; };
		DD000034000000000000DD00 /* StorageRecoveryView.swift */ = {isa = PBXFileReference; lastKnownFileType = sourcecode.swift; path = StorageRecoveryView.swift; sourceTree = "<group>"; };
		DD000035000000000000DD00 /* DockerResource.swift */ = {isa = PBXFileReference; lastKnownFileType = sourcecode.swift; path = DockerResource.swift; sourceTree = "<group>"; };
		DD000036000000000000DD00 /* DockerScanParser.swift */ = {isa = PBXFileReference; lastKnownFileType = sourcecode.swift; path = DockerScanParser.swift; sourceTree = "<group>"; };
		DD000037000000000000DD00 /* DockerCommandRunner.swift */ = {isa = PBXFileReference; lastKnownFileType = sourcecode.swift; path = DockerCommandRunner.swift; sourceTree = "<group>"; };
		DD000038000000000000DD00 /* DockerClient.swift */ = {isa = PBXFileReference; lastKnownFileType = sourcecode.swift; path = DockerClient.swift; sourceTree = "<group>"; };
		DD000039000000000000DD00 /* DockerCleanupViewModel.swift */ = {isa = PBXFileReference; lastKnownFileType = sourcecode.swift; path = DockerCleanupViewModel.swift; sourceTree = "<group>"; };
		DD00003A000000000000DD00 /* DockerCleanupView.swift */ = {isa = PBXFileReference; lastKnownFileType = sourcecode.swift; path = DockerCleanupView.swift; sourceTree = "<group>"; };
		DD00003B000000000000DD00 /* SpotlessMacSettingsView.swift */ = {isa = PBXFileReference; lastKnownFileType = sourcecode.swift; path = SpotlessMacSettingsView.swift; sourceTree = "<group>"; };
		B26C4F2492FDF6E18E673E45 /* CleanupReportTests.swift */ = {isa = PBXFileReference; lastKnownFileType = sourcecode.swift; path = CleanupReportTests.swift; sourceTree = "<group>"; };
		6B5025C137FB0255F24CF5CC /* CleanupReport.swift */ = {isa = PBXFileReference; lastKnownFileType = sourcecode.swift; path = CleanupReport.swift; sourceTree = "<group>"; };
		328B5E0DB0BF2C312A89FB94 /* VolumeSpaceReader.swift */ = {isa = PBXFileReference; lastKnownFileType = sourcecode.swift; path = VolumeSpaceReader.swift; sourceTree = "<group>"; };
		361B7A2A8E3D01A3B861BAAC /* StorageAnalysisEngineTests.swift */ = {isa = PBXFileReference; lastKnownFileType = sourcecode.swift; path = StorageAnalysisEngineTests.swift; sourceTree = "<group>"; };
		FA887531F60DDFD0B208F677 /* PathPolicyTests.swift */ = {isa = PBXFileReference; lastKnownFileType = sourcecode.swift; path = PathPolicyTests.swift; sourceTree = "<group>"; };
		907FEE933B71C6484DC53C65 /* StorageMeasurement.swift */ = {isa = PBXFileReference; lastKnownFileType = sourcecode.swift; path = StorageMeasurement.swift; sourceTree = "<group>"; };
		857BCF06A4CCEC7643B4478F /* PathPolicy.swift */ = {isa = PBXFileReference; lastKnownFileType = sourcecode.swift; path = PathPolicy.swift; sourceTree = "<group>"; };
		76E7D746AA729E24358312CE /* StorageSourceCatalog.swift */ = {isa = PBXFileReference; lastKnownFileType = sourcecode.swift; path = StorageSourceCatalog.swift; sourceTree = "<group>"; };
		662CD1C6159AFBB2E3BDEC19 /* StorageAnalysisEngine.swift */ = {isa = PBXFileReference; lastKnownFileType = sourcecode.swift; path = StorageAnalysisEngine.swift; sourceTree = "<group>"; };
		7D0E545C1AEE79BAD041738C /* StorageAnalysisViewModelTests.swift */ = {isa = PBXFileReference; lastKnownFileType = sourcecode.swift; path = StorageAnalysisViewModelTests.swift; sourceTree = "<group>"; };
		8085CC0C72A288ABB6CA80F2 /* StorageAnalysisViewModel.swift */ = {isa = PBXFileReference; lastKnownFileType = sourcecode.swift; path = StorageAnalysisViewModel.swift; sourceTree = "<group>"; };
		D9FE6D8819305BD1F2EE0BBC /* CleanupPlanTests.swift */ = {isa = PBXFileReference; lastKnownFileType = sourcecode.swift; path = CleanupPlanTests.swift; sourceTree = "<group>"; };
		11C247603DE8640E1D0862F1 /* KnownCacheScannerTests.swift */ = {isa = PBXFileReference; lastKnownFileType = sourcecode.swift; path = KnownCacheScannerTests.swift; sourceTree = "<group>"; };
		D778E3ED4CF63785BD041929 /* HuggingFaceCacheScannerTests.swift */ = {isa = PBXFileReference; lastKnownFileType = sourcecode.swift; path = HuggingFaceCacheScannerTests.swift; sourceTree = "<group>"; };
		41856C4F957FD318EDE7D29F /* ProjectArtifactsScannerTests.swift */ = {isa = PBXFileReference; lastKnownFileType = sourcecode.swift; path = ProjectArtifactsScannerTests.swift; sourceTree = "<group>"; };
		9C4C1732D75584381208DAEF /* RecordingScannerTests.swift */ = {isa = PBXFileReference; lastKnownFileType = sourcecode.swift; path = RecordingScannerTests.swift; sourceTree = "<group>"; };
		C82FC9AD6B6D2D8845631A25 /* CleanupPolicy.swift */ = {isa = PBXFileReference; lastKnownFileType = sourcecode.swift; path = CleanupPolicy.swift; sourceTree = "<group>"; };
		9EEC498C32FD9EE7882BB2E3 /* KnownCacheScanner.swift */ = {isa = PBXFileReference; lastKnownFileType = sourcecode.swift; path = KnownCacheScanner.swift; sourceTree = "<group>"; };
		0F2D72B68FF8077485A4D733 /* HuggingFaceCacheScanner.swift */ = {isa = PBXFileReference; lastKnownFileType = sourcecode.swift; path = HuggingFaceCacheScanner.swift; sourceTree = "<group>"; };
		CB1BF70DF5DD69335D696E11 /* CleanupPlanBuilder.swift */ = {isa = PBXFileReference; lastKnownFileType = sourcecode.swift; path = CleanupPlanBuilder.swift; sourceTree = "<group>"; };
		3F1B06836A970B53DD26BA57 /* OwnerActivityChecker.swift */ = {isa = PBXFileReference; lastKnownFileType = sourcecode.swift; path = OwnerActivityChecker.swift; sourceTree = "<group>"; };
		BF045EC4C5F4E8B662C4DD2C /* ProjectArtifactsScanner.swift */ = {isa = PBXFileReference; lastKnownFileType = sourcecode.swift; path = ProjectArtifactsScanner.swift; sourceTree = "<group>"; };
		9FA1C24F752851355AAC22D2 /* RecordingScanner.swift */ = {isa = PBXFileReference; lastKnownFileType = sourcecode.swift; path = RecordingScanner.swift; sourceTree = "<group>"; };
		46D2128E90C84D9EC39EC846 /* AppStorageServiceTests.swift */ = {isa = PBXFileReference; lastKnownFileType = sourcecode.swift; path = AppStorageServiceTests.swift; sourceTree = "<group>"; };
		1E9645C522999BA874701E61 /* AppStorageSummary.swift */ = {isa = PBXFileReference; lastKnownFileType = sourcecode.swift; path = AppStorageSummary.swift; sourceTree = "<group>"; };
		07D2AD1CA7DCDCFAA28AF254 /* AppStorageService.swift */ = {isa = PBXFileReference; lastKnownFileType = sourcecode.swift; path = AppStorageService.swift; sourceTree = "<group>"; };
		4B1DBFEF0E19D67F7F71E8F4 /* DockerStorageSummaryTests.swift */ = {isa = PBXFileReference; lastKnownFileType = sourcecode.swift; path = DockerStorageSummaryTests.swift; sourceTree = "<group>"; };
		A01316B1023FCFA24908EEED /* DockerStorageSummary.swift */ = {isa = PBXFileReference; lastKnownFileType = sourcecode.swift; path = DockerStorageSummary.swift; sourceTree = "<group>"; };
		443305F183C1EAD0B18B04FD /* CleanupAdmissionTests.swift */ = {isa = PBXFileReference; lastKnownFileType = sourcecode.swift; path = CleanupAdmissionTests.swift; sourceTree = "<group>"; };
		9611A2F3721DEA54C1EDA0C0 /* StorageRootRegistryTests.swift */ = {isa = PBXFileReference; lastKnownFileType = sourcecode.swift; path = StorageRootRegistryTests.swift; sourceTree = "<group>"; };
		0C4154803878303226FF62BB /* StorageRootRegistry.swift */ = {isa = PBXFileReference; lastKnownFileType = sourcecode.swift; path = StorageRootRegistry.swift; sourceTree = "<group>"; };
		89761D1DED7B48B83D9A1AFB /* StorageAnalysisStressTests.swift */ = {isa = PBXFileReference; lastKnownFileType = sourcecode.swift; path = StorageAnalysisStressTests.swift; sourceTree = "<group>"; };
		655259F217D35F9DDAB35A61 /* LeftoverSelectionTests.swift */ = {isa = PBXFileReference; lastKnownFileType = sourcecode.swift; path = LeftoverSelectionTests.swift; sourceTree = "<group>"; };
/* End PBXFileReference section */

/* Begin PBXFrameworksBuildPhase section */
		BB100003000000000000BB00 /* Frameworks */ = {
			isa = PBXFrameworksBuildPhase;
			buildActionMask = 2147483647;
			files = (
			);
			runOnlyForDeploymentPostprocessing = 0;
		};
		BB000003000000000000BB00 /* Frameworks */ = {
			isa = PBXFrameworksBuildPhase;
			buildActionMask = 2147483647;
			files = (
			);
			runOnlyForDeploymentPostprocessing = 0;
		};
/* End PBXFrameworksBuildPhase section */

/* Begin PBXGroup section */
		B2B489C2435F0FB76091E6B5 /* Assistant */ = {
			isa = PBXGroup;
			children = (
				C20486D273016223B17AC5D3 /* OpenAICompatibleClient.swift */,
				0B534BB93B7B18C809B08BF1 /* OllamaClient.swift */,
				FC3E1829B8A666538FEB48B0 /* HTTPTransport.swift */,
				42A59F65A7641316B1577E73 /* LLMError.swift */,
				9B7A8968DA84042C8FC663A2 /* LLMTypes.swift */,
				183A159D210343E738F7D231 /* APIKeyStore.swift */,
				EF2740BD7C08DE1BCEDB7C32 /* AssistantSettings.swift */,
			);
			path = Assistant;
			sourceTree = "<group>";
		};
		45819CC578BB45491CC3FC92 /* Memory */ = {
			isa = PBXGroup;
			children = (
				374BC7ACD20CEE7F7D7CF08E /* MemoryViewModel.swift */,
				3C560EBCBA1BAC2ABAA394FA /* MemoryVerdict.swift */,
				8767394EBF2EA91969D5038F /* ProcessSafetyRules.swift */,
				6593FCC39A0414E0C3E12AC7 /* MemoryMonitor.swift */,
				F1A9E701D4C357F3BB5B3AA5 /* ProcessMemoryReader.swift */,
				88D1D79F6604C3F5FCFC427D /* SystemMemoryReader.swift */,
				AB6A2C1871B3AD238E6C5AD0 /* ProcessGrouper.swift */,
				93AD136E39435023E11DF6F3 /* MemoryModels.swift */,
			);
			path = Memory;
			sourceTree = "<group>";
		};
		AA000000000000000000AA00 = {
			isa = PBXGroup;
			children = (
				AA000003000000000000AA00 /* SpotlessMac */,
				AA100001000000000000AA00 /* SpotlessMacTests */,
				AA000002000000000000AA00 /* Products */,
			);
			sourceTree = "<group>";
		};
		AA000002000000000000AA00 /* Products */ = {
			isa = PBXGroup;
			children = (
				DD000001000000000000DD00 /* SpotlessMac.app */,
				DD100001000000000000DD00 /* SpotlessMacTests.xctest */,
			);
			name = Products;
			sourceTree = "<group>";
		};
		AA000003000000000000AA00 /* SpotlessMac */ = {
			isa = PBXGroup;
			children = (
				B2B489C2435F0FB76091E6B5 /* Assistant */,
				45819CC578BB45491CC3FC92 /* Memory */,
				DD000040000000000000DD00 /* Assets.xcassets */,
				AA000004000000000000AA00 /* App */,
				AA000005000000000000AA00 /* Models */,
				AA000006000000000000AA00 /* ScanEngine */,
				AA000009000000000000AA00 /* Uninstall */,
				AA00000A000000000000AA00 /* Docker */,
				AA000007000000000000AA00 /* ViewModels */,
				AA000008000000000000AA00 /* Licensing */,
				DD00000A000000000000DD00 /* Info.plist */,
				DD00000B000000000000DD00 /* SpotlessMac.entitlements */,
			);
			path = SpotlessMac;
			sourceTree = "<group>";
		};
		AA000008000000000000AA00 /* Licensing */ = {
			isa = PBXGroup;
			children = (
				DD000014000000000000DD00 /* KeychainStore.swift */,
				DD000015000000000000DD00 /* LicenseValidator.swift */,
				DD000016000000000000DD00 /* LicenseManager.swift */,
			);
			path = Licensing;
			sourceTree = "<group>";
		};
		AA000004000000000000AA00 /* App */ = {
			isa = PBXGroup;
			children = (
				053C94B4BEE5C8ABDB853F96 /* MemoryQuitSheet.swift */,
				21A751DFC984DBD2A5DFB6E0 /* MemoryView.swift */,
				DD000002000000000000DD00 /* SpotlessMacApp.swift */,
				DD000003000000000000DD00 /* ContentView.swift */,
				DD000010000000000000DD00 /* FDAOnboardingView.swift */,
				DD000011000000000000DD00 /* LargeFilesView.swift */,
				DD000012000000000000DD00 /* DiskUsageView.swift */,
				DD000013000000000000DD00 /* ActivationView.swift */,
				DD000024000000000000DD00 /* UninstallerView.swift */,
				DD000025000000000000DD00 /* Theme.swift */,
				DD00002A000000000000DD00 /* CareRailView.swift */,
				DD00002B000000000000DD00 /* SmartCareConfirmSheet.swift */,
				DD00002C000000000000DD00 /* CareDashboardView.swift */,
				DD00002D000000000000DD00 /* CleaningProgressView.swift */,
				DD00002E000000000000DD00 /* DiskOverviewView.swift */,
				DD000034000000000000DD00 /* StorageRecoveryView.swift */,
				DD00003A000000000000DD00 /* DockerCleanupView.swift */,
				DD00003B000000000000DD00 /* SpotlessMacSettingsView.swift */,
			);
			path = App;
			sourceTree = "<group>";
		};
		AA000005000000000000AA00 /* Models */ = {
			isa = PBXGroup;
			children = (
				1E9645C522999BA874701E61 /* AppStorageSummary.swift */,
				C82FC9AD6B6D2D8845631A25 /* CleanupPolicy.swift */,
				907FEE933B71C6484DC53C65 /* StorageMeasurement.swift */,
				6B5025C137FB0255F24CF5CC /* CleanupReport.swift */,
				DD000004000000000000DD00 /* ScanCategory.swift */,
				DD000005000000000000DD00 /* ScanItem.swift */,
				DD000020000000000000DD00 /* InstalledApp.swift */,
				DD000021000000000000DD00 /* LeftoverItem.swift */,
				DD000030000000000000DD00 /* SmartCareRun.swift */,
				DD000033000000000000DD00 /* StorageRecoveryQuery.swift */,
			);
			path = Models;
			sourceTree = "<group>";
		};
		AA000009000000000000AA00 /* Uninstall */ = {
			isa = PBXGroup;
			children = (
				07D2AD1CA7DCDCFAA28AF254 /* AppStorageService.swift */,
				DD000022000000000000DD00 /* UninstallEngine.swift */,
				DD00002F000000000000DD00 /* LeftoverMatcher.swift */,
			);
			path = Uninstall;
			sourceTree = "<group>";
		};
		AA00000A000000000000AA00 /* Docker */ = {
			isa = PBXGroup;
			children = (
				A01316B1023FCFA24908EEED /* DockerStorageSummary.swift */,
				DD000035000000000000DD00 /* DockerResource.swift */,
				DD000036000000000000DD00 /* DockerScanParser.swift */,
				DD000037000000000000DD00 /* DockerCommandRunner.swift */,
				DD000038000000000000DD00 /* DockerClient.swift */,
				DD000039000000000000DD00 /* DockerCleanupViewModel.swift */,
			);
			path = Docker;
			sourceTree = "<group>";
		};
		AA100001000000000000AA00 /* SpotlessMacTests */ = {
			isa = PBXGroup;
			children = (
				AF4099CAFEC1C5D681A5915D /* OpenAICompatibleClientTests.swift */,
				A008C16766F14FAA12892C34 /* OllamaClientTests.swift */,
				F279DDFF7B782A1E6BDA78BE /* LLMErrorTests.swift */,
				C93708FDED4D7E901F038FDB /* AssistantSettingsTests.swift */,
				5BA9CAB6B0C7E2DC4E9840FF /* AssistantTestSupport.swift */,
				C3E4750E133FA40F702F5B38 /* MemoryViewModelTests.swift */,
				9113016A0BBFD2907983AE16 /* MemoryVerdictTests.swift */,
				896D8E874C572A8202C8B50F /* ProcessSafetyRulesTests.swift */,
				EF40178ECCEF9479DADD6608 /* SystemMemoryReaderTests.swift */,
				12B48AD45296042943A6C5C2 /* ProcessGrouperTests.swift */,
				843595FB7E623F506109D79C /* MemoryFixtures.swift */,
				655259F217D35F9DDAB35A61 /* LeftoverSelectionTests.swift */,
				89761D1DED7B48B83D9A1AFB /* StorageAnalysisStressTests.swift */,
				9611A2F3721DEA54C1EDA0C0 /* StorageRootRegistryTests.swift */,
				443305F183C1EAD0B18B04FD /* CleanupAdmissionTests.swift */,
				4B1DBFEF0E19D67F7F71E8F4 /* DockerStorageSummaryTests.swift */,
				46D2128E90C84D9EC39EC846 /* AppStorageServiceTests.swift */,
				9C4C1732D75584381208DAEF /* RecordingScannerTests.swift */,
				41856C4F957FD318EDE7D29F /* ProjectArtifactsScannerTests.swift */,
				D778E3ED4CF63785BD041929 /* HuggingFaceCacheScannerTests.swift */,
				11C247603DE8640E1D0862F1 /* KnownCacheScannerTests.swift */,
				D9FE6D8819305BD1F2EE0BBC /* CleanupPlanTests.swift */,
				7D0E545C1AEE79BAD041738C /* StorageAnalysisViewModelTests.swift */,
				FA887531F60DDFD0B208F677 /* PathPolicyTests.swift */,
				361B7A2A8E3D01A3B861BAAC /* StorageAnalysisEngineTests.swift */,
				B26C4F2492FDF6E18E673E45 /* CleanupReportTests.swift */,
				DD100002000000000000DD00 /* LeftoverMatcherTests.swift */,
				DD100003000000000000DD00 /* SmartCareSelectionTests.swift */,
				DD100004000000000000DD00 /* SmartCareLifecycleTests.swift */,
				DD100005000000000000DD00 /* SmartCareOutcomeTests.swift */,
				DD100006000000000000DD00 /* SafetyRulesTests.swift */,
				DD100007000000000000DD00 /* LicenseManagerTests.swift */,
				DD100008000000000000DD00 /* StorageRecoveryTests.swift */,
				DD100009000000000000DD00 /* DockerScanParserTests.swift */,
				DD10000A000000000000DD00 /* DockerClientTests.swift */,
				DD10000B000000000000DD00 /* DockerCleanupViewModelTests.swift */,
			);
			path = SpotlessMacTests;
			sourceTree = "<group>";
		};
		AA000006000000000000AA00 /* ScanEngine */ = {
			isa = PBXGroup;
			children = (
				0C4154803878303226FF62BB /* StorageRootRegistry.swift */,
				9FA1C24F752851355AAC22D2 /* RecordingScanner.swift */,
				BF045EC4C5F4E8B662C4DD2C /* ProjectArtifactsScanner.swift */,
				3F1B06836A970B53DD26BA57 /* OwnerActivityChecker.swift */,
				CB1BF70DF5DD69335D696E11 /* CleanupPlanBuilder.swift */,
				0F2D72B68FF8077485A4D733 /* HuggingFaceCacheScanner.swift */,
				9EEC498C32FD9EE7882BB2E3 /* KnownCacheScanner.swift */,
				662CD1C6159AFBB2E3BDEC19 /* StorageAnalysisEngine.swift */,
				76E7D746AA729E24358312CE /* StorageSourceCatalog.swift */,
				857BCF06A4CCEC7643B4478F /* PathPolicy.swift */,
				328B5E0DB0BF2C312A89FB94 /* VolumeSpaceReader.swift */,
				DD000006000000000000DD00 /* Scanner.swift */,
				DD000007000000000000DD00 /* ScanEngine.swift */,
				DD000008000000000000DD00 /* SafetyRules.swift */,
				DD00000C000000000000DD00 /* CachesScanner.swift */,
				DD00000D000000000000DD00 /* FDAService.swift */,
				DD00000E000000000000DD00 /* LogsScanner.swift */,
				DD00000F000000000000DD00 /* LargeFilesScanner.swift */,
				DD000028000000000000DD00 /* FolderSizeCalculator.swift */,
				DD000029000000000000DD00 /* DiskSpaceService.swift */,
				DD000031000000000000DD00 /* DeveloperCachesScanner.swift */,
				DD000032000000000000DD00 /* OldInstallersScanner.swift */,
			);
			path = ScanEngine;
			sourceTree = "<group>";
		};
		AA000007000000000000AA00 /* ViewModels */ = {
			isa = PBXGroup;
			children = (
				8085CC0C72A288ABB6CA80F2 /* StorageAnalysisViewModel.swift */,
				DD000009000000000000DD00 /* ScanViewModel.swift */,
				DD000023000000000000DD00 /* UninstallViewModel.swift */,
				DD000026000000000000DD00 /* HealthScore.swift */,
			);
			path = ViewModels;
			sourceTree = "<group>";
		};
/* End PBXGroup section */

/* Begin PBXContainerItemProxy section */
		BB100006000000000000BB00 /* PBXContainerItemProxy */ = {
			isa = PBXContainerItemProxy;
			containerPortal = FF000000000000000000FF00 /* Project object */;
			proxyType = 1;
			remoteGlobalIDString = BB000001000000000000BB00;
			remoteInfo = SpotlessMac;
		};
/* End PBXContainerItemProxy section */

/* Begin PBXNativeTarget section */
		BB100001000000000000BB00 /* SpotlessMacTests */ = {
			isa = PBXNativeTarget;
			buildConfigurationList = CC100001000000000000CC00 /* Build configuration list for PBXNativeTarget "SpotlessMacTests" */;
			buildPhases = (
				BB100002000000000000BB00 /* Sources */,
				BB100003000000000000BB00 /* Frameworks */,
				BB100004000000000000BB00 /* Resources */,
			);
			buildRules = (
			);
			dependencies = (
				BB100005000000000000BB00 /* PBXTargetDependency */,
			);
			name = SpotlessMacTests;
			productName = SpotlessMacTests;
			productReference = DD100001000000000000DD00 /* SpotlessMacTests.xctest */;
			productType = "com.apple.product-type.bundle.unit-test";
		};
		BB000001000000000000BB00 /* SpotlessMac */ = {
			isa = PBXNativeTarget;
			buildConfigurationList = CC000002000000000000CC00 /* Build configuration list for PBXNativeTarget "SpotlessMac" */;
			buildPhases = (
				BB000002000000000000BB00 /* Sources */,
				BB000003000000000000BB00 /* Frameworks */,
				BB000004000000000000BB00 /* Resources */,
			);
			buildRules = (
			);
			dependencies = (
			);
			name = SpotlessMac;
			productName = SpotlessMac;
			productReference = DD000001000000000000DD00 /* SpotlessMac.app */;
			productType = "com.apple.product-type.application";
		};
/* End PBXNativeTarget section */

/* Begin PBXProject section */
		FF000000000000000000FF00 /* Project object */ = {
			isa = PBXProject;
			attributes = {
				BuildIndependentTargetsInParallel = 1;
				LastSwiftUpdateCheck = 1620;
				LastUpgradeCheck = 1620;
				TargetAttributes = {
					BB000001000000000000BB00 = {
						CreatedOnToolsVersion = 16.2;
					};
					BB100001000000000000BB00 = {
						CreatedOnToolsVersion = 16.2;
						TestTargetID = BB000001000000000000BB00;
					};
				};
			};
			buildConfigurationList = CC000001000000000000CC00 /* Build configuration list for PBXProject "SpotlessMac" */;
			compatibilityVersion = "Xcode 14.0";
			developmentRegion = en;
			hasScannedForEncodings = 0;
			knownRegions = (
				en,
				Base,
			);
			mainGroup = AA000000000000000000AA00;
			productRefGroup = AA000002000000000000AA00 /* Products */;
			projectDirPath = "";
			projectRoot = "";
			targets = (
				BB000001000000000000BB00 /* SpotlessMac */,
				BB100001000000000000BB00 /* SpotlessMacTests */,
			);
		};
/* End PBXProject section */

/* Begin PBXResourcesBuildPhase section */
		BB100004000000000000BB00 /* Resources */ = {
			isa = PBXResourcesBuildPhase;
			buildActionMask = 2147483647;
			files = (
			);
			runOnlyForDeploymentPostprocessing = 0;
		};
		BB000004000000000000BB00 /* Resources */ = {
			isa = PBXResourcesBuildPhase;
			buildActionMask = 2147483647;
			files = (
				EE000040000000000000EE00 /* Assets.xcassets in Resources */,
			);
			runOnlyForDeploymentPostprocessing = 0;
		};
/* End PBXResourcesBuildPhase section */

/* Begin PBXSourcesBuildPhase section */
		BB100002000000000000BB00 /* Sources */ = {
			isa = PBXSourcesBuildPhase;
			buildActionMask = 2147483647;
			files = (
				BEBB87B1911DECE06D53AB1E /* OpenAICompatibleClientTests.swift in Sources */,
				3EEE6611E55AAED173B686B2 /* OllamaClientTests.swift in Sources */,
				001F7C0D08F80A2F9A6027D1 /* LLMErrorTests.swift in Sources */,
				A4F40CF03571FCA22ADDF493 /* AssistantSettingsTests.swift in Sources */,
				72742A88401F238CEB4B8D43 /* AssistantTestSupport.swift in Sources */,
				EAB8D02030D444907CC70F83 /* MemoryViewModelTests.swift in Sources */,
				3281D68A652FB871A751FE55 /* MemoryVerdictTests.swift in Sources */,
				4564354336A2DCB7A00EF8D0 /* ProcessSafetyRulesTests.swift in Sources */,
				4039E8972DAFA49F05DFE984 /* SystemMemoryReaderTests.swift in Sources */,
				16BB3C4DEB398C278ACEEB63 /* ProcessGrouperTests.swift in Sources */,
				590FDC812BC7315B73CD5879 /* MemoryFixtures.swift in Sources */,
				582DE52D853D916A88432071 /* LeftoverSelectionTests.swift in Sources */,
				C53DABBB8BFE54D44723A554 /* StorageAnalysisStressTests.swift in Sources */,
				0233CC4F9F88868B29E132A8 /* StorageRootRegistryTests.swift in Sources */,
				B1F4B621F842F5BA5D4D4EB5 /* CleanupAdmissionTests.swift in Sources */,
				588335D976F4BEF112904DA0 /* DockerStorageSummaryTests.swift in Sources */,
				5D933F12C6073B6442C5CC9B /* AppStorageServiceTests.swift in Sources */,
				0DD7219E40F224273762C536 /* RecordingScannerTests.swift in Sources */,
				0E569131C3DD5FA9E3C3B899 /* ProjectArtifactsScannerTests.swift in Sources */,
				95FB0B7496DE13B1D8E90166 /* HuggingFaceCacheScannerTests.swift in Sources */,
				4F5D5D9E801C022ECAFE2465 /* KnownCacheScannerTests.swift in Sources */,
				D9D877B32EC0D4EDE013C105 /* CleanupPlanTests.swift in Sources */,
				AC88102856BE1ED71EB71523 /* StorageAnalysisViewModelTests.swift in Sources */,
				EA19949991DE641A5703873F /* PathPolicyTests.swift in Sources */,
				66B58F9AA9A58AE4789F3298 /* StorageAnalysisEngineTests.swift in Sources */,
				F78D75EB9FFB54DF9F52599D /* CleanupReportTests.swift in Sources */,
				EE100001000000000000EE00 /* LeftoverMatcherTests.swift in Sources */,
				EE100002000000000000EE00 /* SmartCareSelectionTests.swift in Sources */,
				EE100003000000000000EE00 /* SmartCareLifecycleTests.swift in Sources */,
				EE100004000000000000EE00 /* SmartCareOutcomeTests.swift in Sources */,
				EE100005000000000000EE00 /* SafetyRulesTests.swift in Sources */,
				EE100006000000000000EE00 /* LicenseManagerTests.swift in Sources */,
				EE100007000000000000EE00 /* StorageRecoveryTests.swift in Sources */,
				EE100008000000000000EE00 /* DockerScanParserTests.swift in Sources */,
				EE100009000000000000EE00 /* DockerClientTests.swift in Sources */,
				EE10000A000000000000EE00 /* DockerCleanupViewModelTests.swift in Sources */,
			);
			runOnlyForDeploymentPostprocessing = 0;
		};
		BB000002000000000000BB00 /* Sources */ = {
			isa = PBXSourcesBuildPhase;
			buildActionMask = 2147483647;
			files = (
				B8586837D7E902448039CC0B /* OpenAICompatibleClient.swift in Sources */,
				614042D614C3629638B3674A /* OllamaClient.swift in Sources */,
				4A60B593B9360219B96230A6 /* HTTPTransport.swift in Sources */,
				B628A38E2FD89AD0303C848D /* LLMError.swift in Sources */,
				3CF3D778437865B6DAF84350 /* LLMTypes.swift in Sources */,
				54672F472D51E090A7C9B766 /* APIKeyStore.swift in Sources */,
				7792FCC923DA1DA272099908 /* AssistantSettings.swift in Sources */,
				484156751CE35F1F82709FD4 /* MemoryQuitSheet.swift in Sources */,
				A5F1E96E66CD4F4F93F69FBF /* MemoryView.swift in Sources */,
				52EFA46EBB0F4DD33B739AC2 /* MemoryViewModel.swift in Sources */,
				8A52BF4B2755F6E08EC666E6 /* MemoryVerdict.swift in Sources */,
				89507767455D6EFEFC9D0EBF /* ProcessSafetyRules.swift in Sources */,
				845D2B330BBF9D11646005DF /* MemoryMonitor.swift in Sources */,
				9474754DBF36232DDFACDA41 /* ProcessMemoryReader.swift in Sources */,
				B57E97755426D13D1692ADED /* SystemMemoryReader.swift in Sources */,
				64B6305C20B70CEB6AB52E38 /* ProcessGrouper.swift in Sources */,
				EC5502B3939BC0BCA07A531F /* MemoryModels.swift in Sources */,
				F0B9616E8465CDAB0D1B368F /* StorageRootRegistry.swift in Sources */,
				652C636491B7C47BEFE7B067 /* DockerStorageSummary.swift in Sources */,
				B9F13CFDCDA140694659C434 /* AppStorageService.swift in Sources */,
				19AAD73A4E59FE3565571FA9 /* AppStorageSummary.swift in Sources */,
				48D25F0C399CE777A17283B6 /* RecordingScanner.swift in Sources */,
				997C85C9D3BCF8AB57C8F52C /* ProjectArtifactsScanner.swift in Sources */,
				E0997554F80458BF9CC1B129 /* OwnerActivityChecker.swift in Sources */,
				7AC0EF43C864103881636011 /* CleanupPlanBuilder.swift in Sources */,
				E36A5EA81DF9B90B51B8665A /* HuggingFaceCacheScanner.swift in Sources */,
				39998D04C762A2DF12224B4F /* KnownCacheScanner.swift in Sources */,
				E91D0CA604716451AE1CB178 /* CleanupPolicy.swift in Sources */,
				7CA2BEE0885632B93BE5E7C9 /* StorageAnalysisViewModel.swift in Sources */,
				63A5207F397F50053CBA2CA1 /* StorageAnalysisEngine.swift in Sources */,
				49A4ACAA14B39852EE628AC8 /* StorageSourceCatalog.swift in Sources */,
				9836C0A95FA6BD5EFD19EEEA /* PathPolicy.swift in Sources */,
				3F6BE75A7B122B328D5914D6 /* StorageMeasurement.swift in Sources */,
				94182E7A2F4F56102B8AC8A6 /* VolumeSpaceReader.swift in Sources */,
				D30912E88A4B5A90E18B3C77 /* CleanupReport.swift in Sources */,
				EE000001000000000000EE00 /* SpotlessMacApp.swift in Sources */,
				EE000002000000000000EE00 /* ContentView.swift in Sources */,
				EE000003000000000000EE00 /* ScanCategory.swift in Sources */,
				EE000004000000000000EE00 /* ScanItem.swift in Sources */,
				EE000005000000000000EE00 /* Scanner.swift in Sources */,
				EE000006000000000000EE00 /* ScanEngine.swift in Sources */,
				EE000007000000000000EE00 /* SafetyRules.swift in Sources */,
				EE000008000000000000EE00 /* ScanViewModel.swift in Sources */,
				EE000009000000000000EE00 /* CachesScanner.swift in Sources */,
				EE00000A000000000000EE00 /* FDAService.swift in Sources */,
				EE00000B000000000000EE00 /* LogsScanner.swift in Sources */,
				EE00000C000000000000EE00 /* LargeFilesScanner.swift in Sources */,
				EE00000D000000000000EE00 /* FDAOnboardingView.swift in Sources */,
				EE00000E000000000000EE00 /* LargeFilesView.swift in Sources */,
				EE00000F000000000000EE00 /* DiskUsageView.swift in Sources */,
				EE000010000000000000EE00 /* ActivationView.swift in Sources */,
				EE000011000000000000EE00 /* KeychainStore.swift in Sources */,
				EE000012000000000000EE00 /* LicenseValidator.swift in Sources */,
				EE000013000000000000EE00 /* LicenseManager.swift in Sources */,
				EE000020000000000000EE00 /* InstalledApp.swift in Sources */,
				EE000021000000000000EE00 /* LeftoverItem.swift in Sources */,
				EE000022000000000000EE00 /* UninstallEngine.swift in Sources */,
				EE000023000000000000EE00 /* UninstallViewModel.swift in Sources */,
				EE000024000000000000EE00 /* UninstallerView.swift in Sources */,
				EE000025000000000000EE00 /* Theme.swift in Sources */,
				EE000026000000000000EE00 /* HealthScore.swift in Sources */,
				EE000028000000000000EE00 /* FolderSizeCalculator.swift in Sources */,
				EE000029000000000000EE00 /* DiskSpaceService.swift in Sources */,
				EE00002A000000000000EE00 /* CareRailView.swift in Sources */,
				EE00002B000000000000EE00 /* SmartCareConfirmSheet.swift in Sources */,
				EE00002C000000000000EE00 /* CareDashboardView.swift in Sources */,
				EE00002D000000000000EE00 /* CleaningProgressView.swift in Sources */,
				EE00002E000000000000EE00 /* DiskOverviewView.swift in Sources */,
				EE00002F000000000000EE00 /* LeftoverMatcher.swift in Sources */,
				EE000030000000000000EE00 /* SmartCareRun.swift in Sources */,
				EE000031000000000000EE00 /* DeveloperCachesScanner.swift in Sources */,
				EE000032000000000000EE00 /* OldInstallersScanner.swift in Sources */,
				EE000033000000000000EE00 /* StorageRecoveryQuery.swift in Sources */,
				EE000034000000000000EE00 /* StorageRecoveryView.swift in Sources */,
				EE00003A000000000000EE00 /* DockerCleanupView.swift in Sources */,
				EE00003B000000000000EE00 /* SpotlessMacSettingsView.swift in Sources */,
				EE000035000000000000EE00 /* DockerResource.swift in Sources */,
				EE000036000000000000EE00 /* DockerScanParser.swift in Sources */,
				EE000037000000000000EE00 /* DockerCommandRunner.swift in Sources */,
				EE000038000000000000EE00 /* DockerClient.swift in Sources */,
				EE000039000000000000EE00 /* DockerCleanupViewModel.swift in Sources */,
			);
			runOnlyForDeploymentPostprocessing = 0;
		};
/* End PBXSourcesBuildPhase section */

/* Begin PBXTargetDependency section */
		BB100005000000000000BB00 /* PBXTargetDependency */ = {
			isa = PBXTargetDependency;
			target = BB000001000000000000BB00 /* SpotlessMac */;
			targetProxy = BB100006000000000000BB00 /* PBXContainerItemProxy */;
		};
/* End PBXTargetDependency section */

/* Begin XCBuildConfiguration section */
		CC100002000000000000CC00 /* Debug */ = {
			isa = XCBuildConfiguration;
			buildSettings = {
				BUNDLE_LOADER = "$(TEST_HOST)";
				CODE_SIGNING_ALLOWED = NO;
				GENERATE_INFOPLIST_FILE = YES;
				MACOSX_DEPLOYMENT_TARGET = 14.0;
				PRODUCT_BUNDLE_IDENTIFIER = com.spotlessmac.tests;
				PRODUCT_NAME = "$(TARGET_NAME)";
				SWIFT_VERSION = 6.0;
				TEST_HOST = "$(BUILT_PRODUCTS_DIR)/SpotlessMac.app/Contents/MacOS/SpotlessMac";
			};
			name = Debug;
		};
		CC100003000000000000CC00 /* Release */ = {
			isa = XCBuildConfiguration;
			buildSettings = {
				BUNDLE_LOADER = "$(TEST_HOST)";
				CODE_SIGNING_ALLOWED = NO;
				GENERATE_INFOPLIST_FILE = YES;
				MACOSX_DEPLOYMENT_TARGET = 14.0;
				PRODUCT_BUNDLE_IDENTIFIER = com.spotlessmac.tests;
				PRODUCT_NAME = "$(TARGET_NAME)";
				SWIFT_VERSION = 6.0;
				TEST_HOST = "$(BUILT_PRODUCTS_DIR)/SpotlessMac.app/Contents/MacOS/SpotlessMac";
			};
			name = Release;
		};
		CC000003000000000000CC00 /* Debug */ = {
			isa = XCBuildConfiguration;
			buildSettings = {
				ALWAYS_SEARCH_USER_PATHS = NO;
				CLANG_ANALYZER_NONNULL = YES;
				CLANG_ANALYZER_NUMBER_OBJECT_CONVERSION = YES_AGGRESSIVE;
				CLANG_CXX_LANGUAGE_STANDARD = "gnu++20";
				CLANG_ENABLE_MODULES = YES;
				CLANG_ENABLE_OBJC_ARC = YES;
				CLANG_ENABLE_OBJC_WEAK = YES;
				CLANG_WARN_BLOCK_CAPTURE_AUTORELEASING = YES;
				CLANG_WARN_BOOL_CONVERSION = YES;
				CLANG_WARN_COMMA = YES;
				CLANG_WARN_CONSTANT_CONVERSION = YES;
				CLANG_WARN_DEPRECATED_OBJC_IMPLEMENTATIONS = YES;
				CLANG_WARN_DIRECT_OBJC_ISA_USAGE = YES_ERROR;
				CLANG_WARN_DOCUMENTATION_COMMENTS = YES;
				CLANG_WARN_EMPTY_BODY = YES;
				CLANG_WARN_ENUM_CONVERSION = YES;
				CLANG_WARN_INFINITE_RECURSION = YES;
				CLANG_WARN_INT_CONVERSION = YES;
				CLANG_WARN_NON_LITERAL_NULL_CONVERSION = YES;
				CLANG_WARN_OBJC_IMPLICIT_RETAIN_SELF = YES;
				CLANG_WARN_OBJC_LITERAL_CONVERSION = YES;
				CLANG_WARN_OBJC_ROOT_CLASS = YES_ERROR;
				CLANG_WARN_QUOTED_INCLUDE_IN_FRAMEWORK_HEADER = YES;
				CLANG_WARN_RANGE_LOOP_ANALYSIS = YES;
				CLANG_WARN_STRICT_PROTOTYPES = YES;
				CLANG_WARN_SUSPICIOUS_MOVE = YES;
				CLANG_WARN_UNGUARDED_AVAILABILITY = YES_AGGRESSIVE;
				CLANG_WARN_UNREACHABLE_CODE = YES;
				CLANG_WARN__DUPLICATE_METHOD_MATCH = YES;
				COPY_PHASE_STRIP = NO;
				DEBUG_INFORMATION_FORMAT = dwarf;
				ENABLE_STRICT_OBJC_MSGSEND = YES;
				ENABLE_TESTABILITY = YES;
				ENABLE_USER_SCRIPT_SANDBOXING = YES;
				GCC_C_LANGUAGE_STANDARD = gnu17;
				GCC_DYNAMIC_NO_PIC = NO;
				GCC_NO_COMMON_BLOCKS = YES;
				GCC_OPTIMIZATION_LEVEL = 0;
				GCC_PREPROCESSOR_DEFINITIONS = (
					"DEBUG=1",
					"$(inherited)",
				);
				GCC_WARN_64_TO_32_BIT_CONVERSION = YES;
				GCC_WARN_ABOUT_RETURN_TYPE = YES_ERROR;
				GCC_WARN_UNDECLARED_SELECTOR = YES;
				GCC_WARN_UNINITIALIZED_AUTOS = YES_AGGRESSIVE;
				GCC_WARN_UNUSED_FUNCTION = YES;
				GCC_WARN_UNUSED_VARIABLE = YES;
				MACOSX_DEPLOYMENT_TARGET = 14.0;
				MTL_ENABLE_DEBUG_INFO = INCLUDE_SOURCE;
				MTL_FAST_MATH = YES;
				ONLY_ACTIVE_ARCH = YES;
				SDKROOT = macosx;
				SWIFT_ACTIVE_COMPILATION_CONDITIONS = DEBUG;
				SWIFT_OPTIMIZATION_LEVEL = "-Onone";
			};
			name = Debug;
		};
		CC000004000000000000CC00 /* Release */ = {
			isa = XCBuildConfiguration;
			buildSettings = {
				ALWAYS_SEARCH_USER_PATHS = NO;
				CLANG_ANALYZER_NONNULL = YES;
				CLANG_ANALYZER_NUMBER_OBJECT_CONVERSION = YES_AGGRESSIVE;
				CLANG_CXX_LANGUAGE_STANDARD = "gnu++20";
				CLANG_ENABLE_MODULES = YES;
				CLANG_ENABLE_OBJC_ARC = YES;
				CLANG_ENABLE_OBJC_WEAK = YES;
				CLANG_WARN_BLOCK_CAPTURE_AUTORELEASING = YES;
				CLANG_WARN_BOOL_CONVERSION = YES;
				CLANG_WARN_COMMA = YES;
				CLANG_WARN_CONSTANT_CONVERSION = YES;
				CLANG_WARN_DEPRECATED_OBJC_IMPLEMENTATIONS = YES;
				CLANG_WARN_DIRECT_OBJC_ISA_USAGE = YES_ERROR;
				CLANG_WARN_DOCUMENTATION_COMMENTS = YES;
				CLANG_WARN_EMPTY_BODY = YES;
				CLANG_WARN_ENUM_CONVERSION = YES;
				CLANG_WARN_INFINITE_RECURSION = YES;
				CLANG_WARN_INT_CONVERSION = YES;
				CLANG_WARN_NON_LITERAL_NULL_CONVERSION = YES;
				CLANG_WARN_OBJC_IMPLICIT_RETAIN_SELF = YES;
				CLANG_WARN_OBJC_LITERAL_CONVERSION = YES;
				CLANG_WARN_OBJC_ROOT_CLASS = YES_ERROR;
				CLANG_WARN_QUOTED_INCLUDE_IN_FRAMEWORK_HEADER = YES;
				CLANG_WARN_RANGE_LOOP_ANALYSIS = YES;
				CLANG_WARN_STRICT_PROTOTYPES = YES;
				CLANG_WARN_SUSPICIOUS_MOVE = YES;
				CLANG_WARN_UNGUARDED_AVAILABILITY = YES_AGGRESSIVE;
				CLANG_WARN_UNREACHABLE_CODE = YES;
				CLANG_WARN__DUPLICATE_METHOD_MATCH = YES;
				COPY_PHASE_STRIP = NO;
				DEBUG_INFORMATION_FORMAT = "dwarf-with-dsym";
				ENABLE_NS_ASSERTIONS = NO;
				ENABLE_STRICT_OBJC_MSGSEND = YES;
				ENABLE_USER_SCRIPT_SANDBOXING = YES;
				GCC_C_LANGUAGE_STANDARD = gnu17;
				GCC_NO_COMMON_BLOCKS = YES;
				GCC_WARN_64_TO_32_BIT_CONVERSION = YES;
				GCC_WARN_ABOUT_RETURN_TYPE = YES_ERROR;
				GCC_WARN_UNDECLARED_SELECTOR = YES;
				GCC_WARN_UNINITIALIZED_AUTOS = YES_AGGRESSIVE;
				GCC_WARN_UNUSED_FUNCTION = YES;
				GCC_WARN_UNUSED_VARIABLE = YES;
				MACOSX_DEPLOYMENT_TARGET = 14.0;
				MTL_ENABLE_DEBUG_INFO = NO;
				MTL_FAST_MATH = YES;
				SDKROOT = macosx;
				SWIFT_COMPILATION_MODE = wholemodule;
				SWIFT_OPTIMIZATION_LEVEL = "-O";
			};
			name = Release;
		};
		CC000005000000000000CC00 /* Debug */ = {
			isa = XCBuildConfiguration;
			buildSettings = {
				ASSETCATALOG_COMPILER_APPICON_NAME = AppIcon;
				CODE_SIGN_ENTITLEMENTS = SpotlessMac/SpotlessMac.entitlements;
				CODE_SIGN_STYLE = Automatic;
				COMBINE_HIDPI_IMAGES = YES;
				CURRENT_PROJECT_VERSION = 1;
				ENABLE_PREVIEWS = YES;
				INFOPLIST_FILE = SpotlessMac/Info.plist;
				LD_RUNPATH_SEARCH_PATHS = (
					"$(inherited)",
					"@executable_path/../Frameworks",
				);
				MARKETING_VERSION = 1.0;
				PRODUCT_BUNDLE_IDENTIFIER = com.spotlessmac.app;
				PRODUCT_NAME = "$(TARGET_NAME)";
				ENABLE_HARDENED_RUNTIME = YES;
				SWIFT_EMIT_LOC_STRINGS = YES;
				SWIFT_VERSION = 6.0;
			};
			name = Debug;
		};
		CC000006000000000000CC00 /* Release */ = {
			isa = XCBuildConfiguration;
			buildSettings = {
				ASSETCATALOG_COMPILER_APPICON_NAME = AppIcon;
				CODE_SIGN_ENTITLEMENTS = SpotlessMac/SpotlessMac.entitlements;
				CODE_SIGN_STYLE = Automatic;
				COMBINE_HIDPI_IMAGES = YES;
				CURRENT_PROJECT_VERSION = 1;
				ENABLE_PREVIEWS = YES;
				INFOPLIST_FILE = SpotlessMac/Info.plist;
				LD_RUNPATH_SEARCH_PATHS = (
					"$(inherited)",
					"@executable_path/../Frameworks",
				);
				MARKETING_VERSION = 1.0;
				PRODUCT_BUNDLE_IDENTIFIER = com.spotlessmac.app;
				PRODUCT_NAME = "$(TARGET_NAME)";
				ENABLE_HARDENED_RUNTIME = YES;
				SWIFT_EMIT_LOC_STRINGS = YES;
				SWIFT_VERSION = 6.0;
			};
			name = Release;
		};
/* End XCBuildConfiguration section */

/* Begin XCConfigurationList section */
		CC100001000000000000CC00 /* Build configuration list for PBXNativeTarget "SpotlessMacTests" */ = {
			isa = XCConfigurationList;
			buildConfigurations = (
				CC100002000000000000CC00 /* Debug */,
				CC100003000000000000CC00 /* Release */,
			);
			defaultConfigurationIsVisible = 0;
			defaultConfigurationName = Release;
		};
		CC000001000000000000CC00 /* Build configuration list for PBXProject "SpotlessMac" */ = {
			isa = XCConfigurationList;
			buildConfigurations = (
				CC000003000000000000CC00 /* Debug */,
				CC000004000000000000CC00 /* Release */,
			);
			defaultConfigurationIsVisible = 0;
			defaultConfigurationName = Release;
		};
		CC000002000000000000CC00 /* Build configuration list for PBXNativeTarget "SpotlessMac" */ = {
			isa = XCConfigurationList;
			buildConfigurations = (
				CC000005000000000000CC00 /* Debug */,
				CC000006000000000000CC00 /* Release */,
			);
			defaultConfigurationIsVisible = 0;
			defaultConfigurationName = Release;
		};
/* End XCConfigurationList section */

	};
	rootObject = FF000000000000000000FF00 /* Project object */;
}
